// !$*UTF8*$!
{
	archiveVersion = 1;
	classes = {
	};
	objectVersion = 55;
	objects = {

/* Begin PBXBuildFile section */
		3647384229DF2D80008F07CD /* GithubTestApp.swift in Sources */ = {isa = PBXBuildFile; fileRef = 3647384129DF2D80008F07CD /* GithubTestApp.swift */; };
		3647384629DF2D81008F07CD /* Images.xcassets in Resources */ = {isa = PBXBuildFile; fileRef = 3647384529DF2D81008F07CD /* Images.xcassets */; };
		3647385329DF2D82008F07CD /* GithubTestTests.swift in Sources */ = {isa = PBXBuildFile; fileRef = 3647385229DF2D82008F07CD /* GithubTestTests.swift */; };
		3647387029DF49EC008F07CD /* RepositoriesScene.swift in Sources */ = {isa = PBXBuildFile; fileRef = 3647386F29DF49EC008F07CD /* RepositoriesScene.swift */; };
		3647387629DF4D25008F07CD /* DetailsScene.swift in Sources */ = {isa = PBXBuildFile; fileRef = 3647387529DF4D25008F07CD /* DetailsScene.swift */; };
		3647387A29DF4DB0008F07CD /* RepositoriesSceneViewModel.swift in Sources */ = {isa = PBXBuildFile; fileRef = 3647387929DF4DB0008F07CD /* RepositoriesSceneViewModel.swift */; };
		3647387D29DF4FD0008F07CD /* SearchBar.swift in Sources */ = {isa = PBXBuildFile; fileRef = 3647387C29DF4FD0008F07CD /* SearchBar.swift */; };
		3647388229DF5441008F07CD /* Sizes.swift in Sources */ = {isa = PBXBuildFile; fileRef = 3647388129DF5441008F07CD /* Sizes.swift */; };
		3647388829DF9170008F07CD /* Colors.xcassets in Resources */ = {isa = PBXBuildFile; fileRef = 3647388729DF9170008F07CD /* Colors.xcassets */; };
		3647388B29DF91C1008F07CD /* Icons.xcassets in Resources */ = {isa = PBXBuildFile; fileRef = 3647388A29DF91C1008F07CD /* Icons.xcassets */; };
		3647388D29DF9243008F07CD /* Assets.generated.swift in Sources */ = {isa = PBXBuildFile; fileRef = 3647388C29DF9243008F07CD /* Assets.generated.swift */; };
		36798D5F29E190A9003D8988 /* URL+Extensions.swift in Sources */ = {isa = PBXBuildFile; fileRef = 36798D5E29E190A9003D8988 /* URL+Extensions.swift */; };
		36798D6129E19334003D8988 /* String+Extensions.swift in Sources */ = {isa = PBXBuildFile; fileRef = 36798D6029E19334003D8988 /* String+Extensions.swift */; };
		36D8D81329DFA51700852BFA /* Repository.swift in Sources */ = {isa = PBXBuildFile; fileRef = 36D8D81229DFA51700852BFA /* Repository.swift */; };
		36D8D81529DFA6D800852BFA /* FavouritesStorage.swift in Sources */ = {isa = PBXBuildFile; fileRef = 36D8D81429DFA6D800852BFA /* FavouritesStorage.swift */; };
		36D8D81729DFA86800852BFA /* Endpoint.swift in Sources */ = {isa = PBXBuildFile; fileRef = 36D8D81629DFA86800852BFA /* Endpoint.swift */; };
		36D8D81A29DFA91700852BFA /* RepoListRequest.swift in Sources */ = {isa = PBXBuildFile; fileRef = 36D8D81929DFA91700852BFA /* RepoListRequest.swift */; };
		36D8D81C29DFA96B00852BFA /* NetworkServiceImpl.swift in Sources */ = {isa = PBXBuildFile; fileRef = 36D8D81B29DFA96B00852BFA /* NetworkServiceImpl.swift */; };
		36D8D81F29DFA9C200852BFA /* RepoListResponse.swift in Sources */ = {isa = PBXBuildFile; fileRef = 36D8D81E29DFA9C200852BFA /* RepoListResponse.swift */; };
		36D8D82129DFAF5600852BFA /* NetworkService.swift in Sources */ = {isa = PBXBuildFile; fileRef = 36D8D82029DFAF5600852BFA /* NetworkService.swift */; };
		36D8D82329DFBC1400852BFA /* Owner.swift in Sources */ = {isa = PBXBuildFile; fileRef = 36D8D82229DFBC1400852BFA /* Owner.swift */; };
		36D8D82529DFC09300852BFA /* Reachability.swift in Sources */ = {isa = PBXBuildFile; fileRef = 36D8D82429DFC09300852BFA /* Reachability.swift */; };
		36D8D82B29DFC82A00852BFA /* FavouritesStorageImpl.swift in Sources */ = {isa = PBXBuildFile; fileRef = 36D8D82A29DFC82A00852BFA /* FavouritesStorageImpl.swift */; };
		36D8D82D29DFD01000852BFA /* Date+Extensions.swift in Sources */ = {isa = PBXBuildFile; fileRef = 36D8D82C29DFD01000852BFA /* Date+Extensions.swift */; };
		36D8D83029DFD46200852BFA /* RepositoriesList.swift in Sources */ = {isa = PBXBuildFile; fileRef = 36D8D82F29DFD46200852BFA /* RepositoriesList.swift */; };
		36D8D83429DFFE3F00852BFA /* CacheStorage.swift in Sources */ = {isa = PBXBuildFile; fileRef = 36D8D83329DFFE3F00852BFA /* CacheStorage.swift */; };
		36D8D83929E0976A00852BFA /* Avatar.swift in Sources */ = {isa = PBXBuildFile; fileRef = 36D8D83829E0976A00852BFA /* Avatar.swift */; };
		A4AA27CCA365BCD0D50A4DC0 /* libPods-GithubTest.a in Frameworks */ = {isa = PBXBuildFile; fileRef = AE91B0911CF00AA12DC9F383 /* libPods-GithubTest.a */; };
/* End PBXBuildFile section */

/* Begin PBXContainerItemProxy section */
		3647384F29DF2D82008F07CD /* PBXContainerItemProxy */ = {
			isa = PBXContainerItemProxy;
			containerPortal = 3647383629DF2D80008F07CD /* Project object */;
			proxyType = 1;
			remoteGlobalIDString = 3647383D29DF2D80008F07CD;
			remoteInfo = GithubTest;
		};
/* End PBXContainerItemProxy section */

/* Begin PBXFileReference section */
		3647383E29DF2D80008F07CD /* GithubTest.app */ = {isa = PBXFileReference; explicitFileType = wrapper.application; includeInIndex = 0; path = GithubTest.app; sourceTree = BUILT_PRODUCTS_DIR; };
		3647384129DF2D80008F07CD /* GithubTestApp.swift */ = {isa = PBXFileReference; lastKnownFileType = sourcecode.swift; path = GithubTestApp.swift; sourceTree = "<group>"; };
		3647384529DF2D81008F07CD /* Images.xcassets */ = {isa = PBXFileReference; lastKnownFileType = folder.assetcatalog; path = Images.xcassets; sourceTree = "<group>"; };
		3647384E29DF2D82008F07CD /* GithubTestTests.xctest */ = {isa = PBXFileReference; explicitFileType = wrapper.cfbundle; includeInIndex = 0; path = GithubTestTests.xctest; sourceTree = BUILT_PRODUCTS_DIR; };
		3647385229DF2D82008F07CD /* GithubTestTests.swift */ = {isa = PBXFileReference; lastKnownFileType = sourcecode.swift; path = GithubTestTests.swift; sourceTree = "<group>"; };
		3647386C29DF48D2008F07CD /* Info.plist */ = {isa = PBXFileReference; lastKnownFileType = text.plist.xml; path = Info.plist; sourceTree = "<group>"; };
		3647386F29DF49EC008F07CD /* RepositoriesScene.swift */ = {isa = PBXFileReference; lastKnownFileType = sourcecode.swift; path = RepositoriesScene.swift; sourceTree = "<group>"; };
		3647387529DF4D25008F07CD /* DetailsScene.swift */ = {isa = PBXFileReference; lastKnownFileType = sourcecode.swift; path = DetailsScene.swift; sourceTree = "<group>"; };
		3647387929DF4DB0008F07CD /* RepositoriesSceneViewModel.swift */ = {isa = PBXFileReference; lastKnownFileType = sourcecode.swift; path = RepositoriesSceneViewModel.swift; sourceTree = "<group>"; };
		3647387C29DF4FD0008F07CD /* SearchBar.swift */ = {isa = PBXFileReference; lastKnownFileType = sourcecode.swift; path = SearchBar.swift; sourceTree = "<group>"; };
		3647388129DF5441008F07CD /* Sizes.swift */ = {isa = PBXFileReference; lastKnownFileType = sourcecode.swift; path = Sizes.swift; sourceTree = "<group>"; };
		3647388729DF9170008F07CD /* Colors.xcassets */ = {isa = PBXFileReference; lastKnownFileType = folder.assetcatalog; path = Colors.xcassets; sourceTree = "<group>"; };
		3647388A29DF91C1008F07CD /* Icons.xcassets */ = {isa = PBXFileReference; lastKnownFileType = folder.assetcatalog; path = Icons.xcassets; sourceTree = "<group>"; };
		3647388C29DF9243008F07CD /* Assets.generated.swift */ = {isa = PBXFileReference; fileEncoding = 4; lastKnownFileType = sourcecode.swift; path = Assets.generated.swift; sourceTree = "<group>"; };
		36798D5E29E190A9003D8988 /* URL+Extensions.swift */ = {isa = PBXFileReference; lastKnownFileType = sourcecode.swift; path = "URL+Extensions.swift"; sourceTree = "<group>"; };
		36798D6029E19334003D8988 /* String+Extensions.swift */ = {isa = PBXFileReference; lastKnownFileType = sourcecode.swift; path = "String+Extensions.swift"; sourceTree = "<group>"; };
		36D8D81229DFA51700852BFA /* Repository.swift */ = {isa = PBXFileReference; lastKnownFileType = sourcecode.swift; path = Repository.swift; sourceTree = "<group>"; };
		36D8D81429DFA6D800852BFA /* FavouritesStorage.swift */ = {isa = PBXFileReference; lastKnownFileType = sourcecode.swift; path = FavouritesStorage.swift; sourceTree = "<group>"; };
		36D8D81629DFA86800852BFA /* Endpoint.swift */ = {isa = PBXFileReference; lastKnownFileType = sourcecode.swift; path = Endpoint.swift; sourceTree = "<group>"; };
		36D8D81929DFA91700852BFA /* RepoListRequest.swift */ = {isa = PBXFileReference; lastKnownFileType = sourcecode.swift; path = RepoListRequest.swift; sourceTree = "<group>"; };
		36D8D81B29DFA96B00852BFA /* NetworkServiceImpl.swift */ = {isa = PBXFileReference; lastKnownFileType = sourcecode.swift; path = NetworkServiceImpl.swift; sourceTree = "<group>"; };
		36D8D81E29DFA9C200852BFA /* RepoListResponse.swift */ = {isa = PBXFileReference; lastKnownFileType = sourcecode.swift; path = RepoListResponse.swift; sourceTree = "<group>"; };
		36D8D82029DFAF5600852BFA /* NetworkService.swift */ = {isa = PBXFileReference; lastKnownFileType = sourcecode.swift; path = NetworkService.swift; sourceTree = "<group>"; };
		36D8D82229DFBC1400852BFA /* Owner.swift */ = {isa = PBXFileReference; lastKnownFileType = sourcecode.swift; path = Owner.swift; sourceTree = "<group>"; };
		36D8D82429DFC09300852BFA /* Reachability.swift */ = {isa = PBXFileReference; lastKnownFileType = sourcecode.swift; path = Reachability.swift; sourceTree = "<group>"; };
		36D8D82A29DFC82A00852BFA /* FavouritesStorageImpl.swift */ = {isa = PBXFileReference; lastKnownFileType = sourcecode.swift; path = FavouritesStorageImpl.swift; sourceTree = "<group>"; };
		36D8D82C29DFD01000852BFA /* Date+Extensions.swift */ = {isa = PBXFileReference; lastKnownFileType = sourcecode.swift; path = "Date+Extensions.swift"; sourceTree = "<group>"; };
		36D8D82F29DFD46200852BFA /* RepositoriesList.swift */ = {isa = PBXFileReference; lastKnownFileType = sourcecode.swift; path = RepositoriesList.swift; sourceTree = "<group>"; };
		36D8D83329DFFE3F00852BFA /* CacheStorage.swift */ = {isa = PBXFileReference; lastKnownFileType = sourcecode.swift; path = CacheStorage.swift; sourceTree = "<group>"; };
		36D8D83829E0976A00852BFA /* Avatar.swift */ = {isa = PBXFileReference; lastKnownFileType = sourcecode.swift; path = Avatar.swift; sourceTree = "<group>"; };
		529E7A76FF78E2B74C027A5E /* Pods-GithubTest.release.xcconfig */ = {isa = PBXFileReference; includeInIndex = 1; lastKnownFileType = text.xcconfig; name = "Pods-GithubTest.release.xcconfig"; path = "Target Support Files/Pods-GithubTest/Pods-GithubTest.release.xcconfig"; sourceTree = "<group>"; };
		AE91B0911CF00AA12DC9F383 /* libPods-GithubTest.a */ = {isa = PBXFileReference; explicitFileType = archive.ar; includeInIndex = 0; path = "libPods-GithubTest.a"; sourceTree = BUILT_PRODUCTS_DIR; };
		CEA98A9358FF6D76CAFEFB4D /* Pods-GithubTest.debug.xcconfig */ = {isa = PBXFileReference; includeInIndex = 1; lastKnownFileType = text.xcconfig; name = "Pods-GithubTest.debug.xcconfig"; path = "Target Support Files/Pods-GithubTest/Pods-GithubTest.debug.xcconfig"; sourceTree = "<group>"; };
/* End PBXFileReference section */

/* Begin PBXFrameworksBuildPhase section */
		3647383B29DF2D80008F07CD /* Frameworks */ = {
			isa = PBXFrameworksBuildPhase;
			buildActionMask = 2147483647;
			files = (
				A4AA27CCA365BCD0D50A4DC0 /* libPods-GithubTest.a in Frameworks */,
			);
			runOnlyForDeploymentPostprocessing = 0;
		};
		3647384B29DF2D82008F07CD /* Frameworks */ = {
			isa = PBXFrameworksBuildPhase;
			buildActionMask = 2147483647;
			files = (
			);
			runOnlyForDeploymentPostprocessing = 0;
		};
/* End PBXFrameworksBuildPhase section */

/* Begin PBXGroup section */
		3647383529DF2D80008F07CD = {
			isa = PBXGroup;
			children = (
				3647384029DF2D80008F07CD /* GithubTest */,
				3647385129DF2D82008F07CD /* GithubTestTests */,
				3647383F29DF2D80008F07CD /* Products */,
				43D1FDD0DBCA4C2224BBAD5C /* Pods */,
				6766AC0C312C7E915B97A14A /* Frameworks */,
			);
			sourceTree = "<group>";
		};
		3647383F29DF2D80008F07CD /* Products */ = {
			isa = PBXGroup;
			children = (
				3647383E29DF2D80008F07CD /* GithubTest.app */,
				3647384E29DF2D82008F07CD /* GithubTestTests.xctest */,
			);
			name = Products;
			sourceTree = "<group>";
		};
		3647384029DF2D80008F07CD /* GithubTest */ = {
			isa = PBXGroup;
			children = (
				3647386B29DF47D8008F07CD /* App */,
				3647387B29DF4FC0008F07CD /* Common */,
				3647386E29DF4950008F07CD /* Scenes */,
				36D8D80F29DFA4E700852BFA /* Models */,
				3647386D29DF4947008F07CD /* Services */,
				3647388429DF911F008F07CD /* Resources */,
			);
			path = GithubTest;
			sourceTree = "<group>";
		};
		3647385129DF2D82008F07CD /* GithubTestTests */ = {
			isa = PBXGroup;
			children = (
				3647385229DF2D82008F07CD /* GithubTestTests.swift */,
			);
			path = GithubTestTests;
			sourceTree = "<group>";
		};
		3647386B29DF47D8008F07CD /* App */ = {
			isa = PBXGroup;
			children = (
				3647384129DF2D80008F07CD /* GithubTestApp.swift */,
				3647386C29DF48D2008F07CD /* Info.plist */,
			);
			path = App;
			sourceTree = "<group>";
		};
		3647386D29DF4947008F07CD /* Services */ = {
			isa = PBXGroup;
			children = (
				36D8D83529DFFE4300852BFA /* CacheStorage */,
				3647387429DF4ACA008F07CD /* FavouritesStorage */,
				3647387329DF4AC0008F07CD /* NetworkService */,
			);
			path = Services;
			sourceTree = "<group>";
		};
		3647386E29DF4950008F07CD /* Scenes */ = {
			isa = PBXGroup;
			children = (
				36D8D82E29DFD45200852BFA /* RepositoriesList */,
				3647387729DF4D85008F07CD /* RepositoriesScene */,
				3647387829DF4D93008F07CD /* DetailsScene */,
			);
			path = Scenes;
			sourceTree = "<group>";
		};
		3647387329DF4AC0008F07CD /* NetworkService */ = {
			isa = PBXGroup;
			children = (
				36D8D81B29DFA96B00852BFA /* NetworkServiceImpl.swift */,
				36D8D82029DFAF5600852BFA /* NetworkService.swift */,
				36D8D82429DFC09300852BFA /* Reachability.swift */,
			);
			path = NetworkService;
			sourceTree = "<group>";
		};
		3647387429DF4ACA008F07CD /* FavouritesStorage */ = {
			isa = PBXGroup;
			children = (
				36D8D81429DFA6D800852BFA /* FavouritesStorage.swift */,
				36D8D82A29DFC82A00852BFA /* FavouritesStorageImpl.swift */,
			);
			path = FavouritesStorage;
			sourceTree = "<group>";
		};
		3647387729DF4D85008F07CD /* RepositoriesScene */ = {
			isa = PBXGroup;
			children = (
				3647386F29DF49EC008F07CD /* RepositoriesScene.swift */,
				3647387929DF4DB0008F07CD /* RepositoriesSceneViewModel.swift */,
			);
			path = RepositoriesScene;
			sourceTree = "<group>";
		};
		3647387829DF4D93008F07CD /* DetailsScene */ = {
			isa = PBXGroup;
			children = (
				3647387529DF4D25008F07CD /* DetailsScene.swift */,
			);
			path = DetailsScene;
			sourceTree = "<group>";
		};
		3647387B29DF4FC0008F07CD /* Common */ = {
			isa = PBXGroup;
			children = (
				36D8D82629DFC58700852BFA /* Extensions */,
				36D8D82729DFC59800852BFA /* Views */,
				3647388129DF5441008F07CD /* Sizes.swift */,
			);
			path = Common;
			sourceTree = "<group>";
		};
		3647388429DF911F008F07CD /* Resources */ = {
			isa = PBXGroup;
			children = (
				3647388529DF9147008F07CD /* Assets */,
				3647388629DF914F008F07CD /* Generated */,
			);
			path = Resources;
			sourceTree = "<group>";
		};
		3647388529DF9147008F07CD /* Assets */ = {
			isa = PBXGroup;
			children = (
				3647384529DF2D81008F07CD /* Images.xcassets */,
				3647388729DF9170008F07CD /* Colors.xcassets */,
				3647388A29DF91C1008F07CD /* Icons.xcassets */,
			);
			path = Assets;
			sourceTree = "<group>";
		};
		3647388629DF914F008F07CD /* Generated */ = {
			isa = PBXGroup;
			children = (
				3647388C29DF9243008F07CD /* Assets.generated.swift */,
			);
			path = Generated;
			sourceTree = "<group>";
		};
		36D8D80F29DFA4E700852BFA /* Models */ = {
			isa = PBXGroup;
			children = (
				36D8D81129DFA50200852BFA /* Endpoints */,
				36D8D81029DFA4FC00852BFA /* Entities */,
			);
			path = Models;
			sourceTree = "<group>";
		};
		36D8D81029DFA4FC00852BFA /* Entities */ = {
			isa = PBXGroup;
			children = (
				36D8D81229DFA51700852BFA /* Repository.swift */,
				36D8D82229DFBC1400852BFA /* Owner.swift */,
			);
			path = Entities;
			sourceTree = "<group>";
		};
		36D8D81129DFA50200852BFA /* Endpoints */ = {
			isa = PBXGroup;
			children = (
				36D8D81D29DFA9AF00852BFA /* RepoList */,
				36D8D81629DFA86800852BFA /* Endpoint.swift */,
			);
			path = Endpoints;
			sourceTree = "<group>";
		};
		36D8D81D29DFA9AF00852BFA /* RepoList */ = {
			isa = PBXGroup;
			children = (
				36D8D81929DFA91700852BFA /* RepoListRequest.swift */,
				36D8D81E29DFA9C200852BFA /* RepoListResponse.swift */,
			);
			path = RepoList;
			sourceTree = "<group>";
		};
		36D8D82629DFC58700852BFA /* Extensions */ = {
			isa = PBXGroup;
			children = (
				36D8D82C29DFD01000852BFA /* Date+Extensions.swift */,
				36798D5E29E190A9003D8988 /* URL+Extensions.swift */,
				36798D6029E19334003D8988 /* String+Extensions.swift */,
			);
			path = Extensions;
			sourceTree = "<group>";
		};
		36D8D82729DFC59800852BFA /* Views */ = {
			isa = PBXGroup;
			children = (
				3647387C29DF4FD0008F07CD /* SearchBar.swift */,
				36D8D83829E0976A00852BFA /* Avatar.swift */,
			);
			path = Views;
			sourceTree = "<group>";
		};
		36D8D82E29DFD45200852BFA /* RepositoriesList */ = {
			isa = PBXGroup;
			children = (
				36D8D82F29DFD46200852BFA /* RepositoriesList.swift */,
			);
			path = RepositoriesList;
			sourceTree = "<group>";
		};
		36D8D83529DFFE4300852BFA /* CacheStorage */ = {
			isa = PBXGroup;
			children = (
				36D8D83329DFFE3F00852BFA /* CacheStorage.swift */,
			);
			path = CacheStorage;
			sourceTree = "<group>";
		};
		43D1FDD0DBCA4C2224BBAD5C /* Pods */ = {
			isa = PBXGroup;
			children = (
				CEA98A9358FF6D76CAFEFB4D /* Pods-GithubTest.debug.xcconfig */,
				529E7A76FF78E2B74C027A5E /* Pods-GithubTest.release.xcconfig */,
			);
			path = Pods;
			sourceTree = "<group>";
		};
		6766AC0C312C7E915B97A14A /* Frameworks */ = {
			isa = PBXGroup;
			children = (
				AE91B0911CF00AA12DC9F383 /* libPods-GithubTest.a */,
			);
			name = Frameworks;
			sourceTree = "<group>";
		};
/* End PBXGroup section */

/* Begin PBXNativeTarget section */
		3647383D29DF2D80008F07CD /* GithubTest */ = {
			isa = PBXNativeTarget;
			buildConfigurationList = 3647386229DF2D82008F07CD /* Build configuration list for PBXNativeTarget "GithubTest" */;
			buildPhases = (
				58311F7DE944E69B2CAFE453 /* [CP] Check Pods Manifest.lock */,
				3647388329DF8FAB008F07CD /* SwiftGen */,
				36D8D80D29DFA00700852BFA /* SwiftLint */,
				3647383A29DF2D80008F07CD /* Sources */,
				3647383B29DF2D80008F07CD /* Frameworks */,
				3647383C29DF2D80008F07CD /* Resources */,
			);
			buildRules = (
			);
			dependencies = (
			);
			name = GithubTest;
			productName = GithubTest;
			productReference = 3647383E29DF2D80008F07CD /* GithubTest.app */;
			productType = "com.apple.product-type.application";
		};
		3647384D29DF2D82008F07CD /* GithubTestTests */ = {
			isa = PBXNativeTarget;
			buildConfigurationList = 3647386529DF2D82008F07CD /* Build configuration list for PBXNativeTarget "GithubTestTests" */;
			buildPhases = (
				3647384A29DF2D82008F07CD /* Sources */,
				3647384B29DF2D82008F07CD /* Frameworks */,
				3647384C29DF2D82008F07CD /* Resources */,
			);
			buildRules = (
			);
			dependencies = (
				3647385029DF2D82008F07CD /* PBXTargetDependency */,
			);
			name = GithubTestTests;
			productName = GithubTestTests;
			productReference = 3647384E29DF2D82008F07CD /* GithubTestTests.xctest */;
			productType = "com.apple.product-type.bundle.unit-test";
		};
/* End PBXNativeTarget section */

/* Begin PBXProject section */
		3647383629DF2D80008F07CD /* Project object */ = {
			isa = PBXProject;
			attributes = {
				BuildIndependentTargetsInParallel = 1;
				LastSwiftUpdateCheck = 1430;
				LastUpgradeCheck = 1430;
				TargetAttributes = {
					3647383D29DF2D80008F07CD = {
						CreatedOnToolsVersion = 14.3;
					};
					3647384D29DF2D82008F07CD = {
						CreatedOnToolsVersion = 14.3;
						TestTargetID = 3647383D29DF2D80008F07CD;
					};
				};
			};
			buildConfigurationList = 3647383929DF2D80008F07CD /* Build configuration list for PBXProject "GithubTest" */;
			compatibilityVersion = "Xcode 13.0";
			developmentRegion = en;
			hasScannedForEncodings = 0;
			knownRegions = (
				en,
				Base,
			);
			mainGroup = 3647383529DF2D80008F07CD;
			productRefGroup = 3647383F29DF2D80008F07CD /* Products */;
			projectDirPath = "";
			projectRoot = "";
			targets = (
				3647383D29DF2D80008F07CD /* GithubTest */,
				3647384D29DF2D82008F07CD /* GithubTestTests */,
			);
		};
/* End PBXProject section */

/* Begin PBXResourcesBuildPhase section */
		3647383C29DF2D80008F07CD /* Resources */ = {
			isa = PBXResourcesBuildPhase;
			buildActionMask = 2147483647;
			files = (
				3647384629DF2D81008F07CD /* Images.xcassets in Resources */,
				3647388B29DF91C1008F07CD /* Icons.xcassets in Resources */,
				3647388829DF9170008F07CD /* Colors.xcassets in Resources */,
			);
			runOnlyForDeploymentPostprocessing = 0;
		};
		3647384C29DF2D82008F07CD /* Resources */ = {
			isa = PBXResourcesBuildPhase;
			buildActionMask = 2147483647;
			files = (
			);
			runOnlyForDeploymentPostprocessing = 0;
		};
/* End PBXResourcesBuildPhase section */

/* Begin PBXShellScriptBuildPhase section */
		3647388329DF8FAB008F07CD /* SwiftGen */ = {
			isa = PBXShellScriptBuildPhase;
			alwaysOutOfDate = 1;
			buildActionMask = 2147483647;
			files = (
			);
			inputFileListPaths = (
			);
			inputPaths = (
			);
			name = SwiftGen;
			outputFileListPaths = (
			);
			outputPaths = (
			);
			runOnlyForDeploymentPostprocessing = 0;
			shellPath = /bin/sh;
			shellScript = "if [[ -f \"${PODS_ROOT}/SwiftGen/bin/swiftgen\" ]]; then\n    #Assets\n    \"${PODS_ROOT}/SwiftGen/bin/swiftgen\" config lint --config \"${PROJECT_DIR}/scripts/swiftgen-assets.yml\";\n    \"${PODS_ROOT}/SwiftGen/bin/swiftgen\" config run --config \"${PROJECT_DIR}/scripts/swiftgen-assets.yml\";\nelse\n  echo \"warning: SwiftGen is not installed. Run 'pod install --repo-update' to install it.\"\nfi\n";
			showEnvVarsInLog = 0;
		};
		36D8D80D29DFA00700852BFA /* SwiftLint */ = {
			isa = PBXShellScriptBuildPhase;
			alwaysOutOfDate = 1;
			buildActionMask = 2147483647;
			files = (
			);
			inputFileListPaths = (
			);
			inputPaths = (
			);
			name = SwiftLint;
			outputFileListPaths = (
			);
			outputPaths = (
			);
			runOnlyForDeploymentPostprocessing = 0;
			shellPath = /bin/sh;
			shellScript = "if which swiftlint > /dev/null; then\n  swiftlint\nelse\n  echo \"warning: SwiftLint not installed, download from https://github.com/realm/SwiftLint\"\nfi\n";
			showEnvVarsInLog = 0;
		};
		58311F7DE944E69B2CAFE453 /* [CP] Check Pods Manifest.lock */ = {
			isa = PBXShellScriptBuildPhase;
			buildActionMask = 2147483647;
			files = (
			);
			inputFileListPaths = (
			);
			inputPaths = (
				"${PODS_PODFILE_DIR_PATH}/Podfile.lock",
				"${PODS_ROOT}/Manifest.lock",
			);
			name = "[CP] Check Pods Manifest.lock";
			outputFileListPaths = (
			);
			outputPaths = (
				"$(DERIVED_FILE_DIR)/Pods-GithubTest-checkManifestLockResult.txt",
			);
			runOnlyForDeploymentPostprocessing = 0;
			shellPath = /bin/sh;
			shellScript = "diff \"${PODS_PODFILE_DIR_PATH}/Podfile.lock\" \"${PODS_ROOT}/Manifest.lock\" > /dev/null\nif [ $? != 0 ] ; then\n    # print error to STDERR\n    echo \"error: The sandbox is not in sync with the Podfile.lock. Run 'pod install' or update your CocoaPods installation.\" >&2\n    exit 1\nfi\n# This output is used by Xcode 'outputs' to avoid re-running this script phase.\necho \"SUCCESS\" > \"${SCRIPT_OUTPUT_FILE_0}\"\n";
			showEnvVarsInLog = 0;
		};
/* End PBXShellScriptBuildPhase section */

/* Begin PBXSourcesBuildPhase section */
		3647383A29DF2D80008F07CD /* Sources */ = {
			isa = PBXSourcesBuildPhase;
			buildActionMask = 2147483647;
			files = (
				3647387029DF49EC008F07CD /* RepositoriesScene.swift in Sources */,
				3647387629DF4D25008F07CD /* DetailsScene.swift in Sources */,
				36D8D83429DFFE3F00852BFA /* CacheStorage.swift in Sources */,
				36D8D81F29DFA9C200852BFA /* RepoListResponse.swift in Sources */,
				36D8D81529DFA6D800852BFA /* FavouritesStorage.swift in Sources */,
				3647387D29DF4FD0008F07CD /* SearchBar.swift in Sources */,
				36D8D81729DFA86800852BFA /* Endpoint.swift in Sources */,
				36D8D83929E0976A00852BFA /* Avatar.swift in Sources */,
				36D8D82129DFAF5600852BFA /* NetworkService.swift in Sources */,
				36D8D83029DFD46200852BFA /* RepositoriesList.swift in Sources */,
				36D8D82B29DFC82A00852BFA /* FavouritesStorageImpl.swift in Sources */,
				36798D5F29E190A9003D8988 /* URL+Extensions.swift in Sources */,
				36D8D81329DFA51700852BFA /* Repository.swift in Sources */,
				3647387A29DF4DB0008F07CD /* RepositoriesSceneViewModel.swift in Sources */,
				3647384229DF2D80008F07CD /* GithubTestApp.swift in Sources */,
				36D8D82D29DFD01000852BFA /* Date+Extensions.swift in Sources */,
				3647388D29DF9243008F07CD /* Assets.generated.swift in Sources */,
				3647388229DF5441008F07CD /* Sizes.swift in Sources */,
				36D8D81C29DFA96B00852BFA /* NetworkServiceImpl.swift in Sources */,
				36798D6129E19334003D8988 /* String+Extensions.swift in Sources */,
				36D8D82329DFBC1400852BFA /* Owner.swift in Sources */,
				36D8D82529DFC09300852BFA /* Reachability.swift in Sources */,
				36D8D81A29DFA91700852BFA /* RepoListRequest.swift in Sources */,
			);
			runOnlyForDeploymentPostprocessing = 0;
		};
		3647384A29DF2D82008F07CD /* Sources */ = {
			isa = PBXSourcesBuildPhase;
			buildActionMask = 2147483647;
			files = (
				3647385329DF2D82008F07CD /* GithubTestTests.swift in Sources */,
			);
			runOnlyForDeploymentPostprocessing = 0;
		};
/* End PBXSourcesBuildPhase section */

/* Begin PBXTargetDependency section */
		3647385029DF2D82008F07CD /* PBXTargetDependency */ = {
			isa = PBXTargetDependency;
			target = 3647383D29DF2D80008F07CD /* GithubTest */;
			targetProxy = 3647384F29DF2D82008F07CD /* PBXContainerItemProxy */;
		};
/* End PBXTargetDependency section */

/* Begin XCBuildConfiguration section */
		3647386029DF2D82008F07CD /* Debug */ = {
			isa = XCBuildConfiguration;
			buildSettings = {
				ALWAYS_SEARCH_USER_PATHS = NO;
				CLANG_ANALYZER_NONNULL = YES;
				CLANG_ANALYZER_NUMBER_OBJECT_CONVERSION = YES_AGGRESSIVE;
				CLANG_CXX_LANGUAGE_STANDARD = "gnu++20";
				CLANG_ENABLE_MODULES = YES;
				CLANG_ENABLE_OBJC_ARC = YES;
				CLANG_ENABLE_OBJC_WEAK = YES;
				CLANG_WARN_BLOCK_CAPTURE_AUTORELEASING = YES;
				CLANG_WARN_BOOL_CONVERSION = YES;
				CLANG_WARN_COMMA = YES;
				CLANG_WARN_CONSTANT_CONVERSION = YES;
				CLANG_WARN_DEPRECATED_OBJC_IMPLEMENTATIONS = YES;
				CLANG_WARN_DIRECT_OBJC_ISA_USAGE = YES_ERROR;
				CLANG_WARN_DOCUMENTATION_COMMENTS = YES;
				CLANG_WARN_EMPTY_BODY = YES;
				CLANG_WARN_ENUM_CONVERSION = YES;
				CLANG_WARN_INFINITE_RECURSION = YES;
				CLANG_WARN_INT_CONVERSION = YES;
				CLANG_WARN_NON_LITERAL_NULL_CONVERSION = YES;
				CLANG_WARN_OBJC_IMPLICIT_RETAIN_SELF = YES;
				CLANG_WARN_OBJC_LITERAL_CONVERSION = YES;
				CLANG_WARN_OBJC_ROOT_CLASS = YES_ERROR;
				CLANG_WARN_QUOTED_INCLUDE_IN_FRAMEWORK_HEADER = YES;
				CLANG_WARN_RANGE_LOOP_ANALYSIS = YES;
				CLANG_WARN_STRICT_PROTOTYPES = YES;
				CLANG_WARN_SUSPICIOUS_MOVE = YES;
				CLANG_WARN_UNGUARDED_AVAILABILITY = YES_AGGRESSIVE;
				CLANG_WARN_UNREACHABLE_CODE = YES;
				CLANG_WARN__DUPLICATE_METHOD_MATCH = YES;
				COPY_PHASE_STRIP = NO;
				DEBUG_INFORMATION_FORMAT = dwarf;
				ENABLE_STRICT_OBJC_MSGSEND = YES;
				ENABLE_TESTABILITY = YES;
				GCC_C_LANGUAGE_STANDARD = gnu11;
				GCC_DYNAMIC_NO_PIC = NO;
				GCC_NO_COMMON_BLOCKS = YES;
				GCC_OPTIMIZATION_LEVEL = 0;
				GCC_PREPROCESSOR_DEFINITIONS = (
					"DEBUG=1",
					"$(inherited)",
				);
				GCC_WARN_64_TO_32_BIT_CONVERSION = YES;
				GCC_WARN_ABOUT_RETURN_TYPE = YES_ERROR;
				GCC_WARN_UNDECLARED_SELECTOR = YES;
				GCC_WARN_UNINITIALIZED_AUTOS = YES_AGGRESSIVE;
				GCC_WARN_UNUSED_FUNCTION = YES;
				GCC_WARN_UNUSED_VARIABLE = YES;
				IPHONEOS_DEPLOYMENT_TARGET = 15.0;
				MTL_ENABLE_DEBUG_INFO = INCLUDE_SOURCE;
				MTL_FAST_MATH = YES;
				ONLY_ACTIVE_ARCH = YES;
				SDKROOT = iphoneos;
				SWIFT_ACTIVE_COMPILATION_CONDITIONS = DEBUG;
				SWIFT_OPTIMIZATION_LEVEL = "-Onone";
			};
			name = Debug;
		};
		3647386129DF2D82008F07CD /* Release */ = {
			isa = XCBuildConfiguration;
			buildSettings = {
				ALWAYS_SEARCH_USER_PATHS = NO;
				CLANG_ANALYZER_NONNULL = YES;
				CLANG_ANALYZER_NUMBER_OBJECT_CONVERSION = YES_AGGRESSIVE;
				CLANG_CXX_LANGUAGE_STANDARD = "gnu++20";
				CLANG_ENABLE_MODULES = YES;
				CLANG_ENABLE_OBJC_ARC = YES;
				CLANG_ENABLE_OBJC_WEAK = YES;
				CLANG_WARN_BLOCK_CAPTURE_AUTORELEASING = YES;
				CLANG_WARN_BOOL_CONVERSION = YES;
				CLANG_WARN_COMMA = YES;
				CLANG_WARN_CONSTANT_CONVERSION = YES;
				CLANG_WARN_DEPRECATED_OBJC_IMPLEMENTATIONS = YES;
				CLANG_WARN_DIRECT_OBJC_ISA_USAGE = YES_ERROR;
				CLANG_WARN_DOCUMENTATION_COMMENTS = YES;
				CLANG_WARN_EMPTY_BODY = YES;
				CLANG_WARN_ENUM_CONVERSION = YES;
				CLANG_WARN_INFINITE_RECURSION = YES;
				CLANG_WARN_INT_CONVERSION = YES;
				CLANG_WARN_NON_LITERAL_NULL_CONVERSION = YES;
				CLANG_WARN_OBJC_IMPLICIT_RETAIN_SELF = YES;
				CLANG_WARN_OBJC_LITERAL_CONVERSION = YES;
				CLANG_WARN_OBJC_ROOT_CLASS = YES_ERROR;
				CLANG_WARN_QUOTED_INCLUDE_IN_FRAMEWORK_HEADER = YES;
				CLANG_WARN_RANGE_LOOP_ANALYSIS = YES;
				CLANG_WARN_STRICT_PROTOTYPES = YES;
				CLANG_WARN_SUSPICIOUS_MOVE = YES;
				CLANG_WARN_UNGUARDED_AVAILABILITY = YES_AGGRESSIVE;
				CLANG_WARN_UNREACHABLE_CODE = YES;
				CLANG_WARN__DUPLICATE_METHOD_MATCH = YES;
				COPY_PHASE_STRIP = NO;
				DEBUG_INFORMATION_FORMAT = "dwarf-with-dsym";
				ENABLE_NS_ASSERTIONS = NO;
				ENABLE_STRICT_OBJC_MSGSEND = YES;
				GCC_C_LANGUAGE_STANDARD = gnu11;
				GCC_NO_COMMON_BLOCKS = YES;
				GCC_WARN_64_TO_32_BIT_CONVERSION = YES;
				GCC_WARN_ABOUT_RETURN_TYPE = YES_ERROR;
				GCC_WARN_UNDECLARED_SELECTOR = YES;
				GCC_WARN_UNINITIALIZED_AUTOS = YES_AGGRESSIVE;
				GCC_WARN_UNUSED_FUNCTION = YES;
				GCC_WARN_UNUSED_VARIABLE = YES;
				IPHONEOS_DEPLOYMENT_TARGET = 15.0;
				MTL_ENABLE_DEBUG_INFO = NO;
				MTL_FAST_MATH = YES;
				SDKROOT = iphoneos;
				SWIFT_COMPILATION_MODE = wholemodule;
				SWIFT_OPTIMIZATION_LEVEL = "-O";
				VALIDATE_PRODUCT = YES;
			};
			name = Release;
		};
		3647386329DF2D82008F07CD /* Debug */ = {
			isa = XCBuildConfiguration;
			baseConfigurationReference = CEA98A9358FF6D76CAFEFB4D /* Pods-GithubTest.debug.xcconfig */;
			buildSettings = {
				ASSETCATALOG_COMPILER_APPICON_NAME = AppIcon;
				ASSETCATALOG_COMPILER_GLOBAL_ACCENT_COLOR_NAME = AccentColor;
				CODE_SIGN_STYLE = Automatic;
				CURRENT_PROJECT_VERSION = 5;
				ENABLE_PREVIEWS = YES;
				GENERATE_INFOPLIST_FILE = YES;
				INFOPLIST_FILE = GithubTest/App/Info.plist;
				INFOPLIST_KEY_UIApplicationSceneManifest_Generation = YES;
				INFOPLIST_KEY_UIApplicationSupportsIndirectInputEvents = YES;
				INFOPLIST_KEY_UILaunchScreen_Generation = YES;
				INFOPLIST_KEY_UISupportedInterfaceOrientations = UIInterfaceOrientationPortrait;
				INFOPLIST_KEY_UISupportedInterfaceOrientations_iPad = "UIInterfaceOrientationLandscapeLeft UIInterfaceOrientationLandscapeRight UIInterfaceOrientationPortrait UIInterfaceOrientationPortraitUpsideDown";
				IPHONEOS_DEPLOYMENT_TARGET = 15.0;
				LD_RUNPATH_SEARCH_PATHS = (
					"$(inherited)",
					"@executable_path/Frameworks",
				);
				MARKETING_VERSION = 1.0;
				PRODUCT_BUNDLE_IDENTIFIER = com.illiahorevoi.GithubTest;
				PRODUCT_NAME = "$(TARGET_NAME)";
				SUPPORTED_PLATFORMS = "iphoneos iphonesimulator";
				SUPPORTS_MACCATALYST = NO;
				SUPPORTS_MAC_DESIGNED_FOR_IPHONE_IPAD = NO;
				SWIFT_EMIT_LOC_STRINGS = YES;
				SWIFT_VERSION = 5.0;
				TARGETED_DEVICE_FAMILY = 1;
			};
			name = Debug;
		};
		3647386429DF2D82008F07CD /* Release */ = {
			isa = XCBuildConfiguration;
			baseConfigurationReference = 529E7A76FF78E2B74C027A5E /* Pods-GithubTest.release.xcconfig */;
			buildSettings = {
				ASSETCATALOG_COMPILER_APPICON_NAME = AppIcon;
				ASSETCATALOG_COMPILER_GLOBAL_ACCENT_COLOR_NAME = AccentColor;
				CODE_SIGN_STYLE = Automatic;
				CURRENT_PROJECT_VERSION = 5;
				ENABLE_PREVIEWS = YES;
				GENERATE_INFOPLIST_FILE = YES;
				INFOPLIST_FILE = GithubTest/App/Info.plist;
				INFOPLIST_KEY_UIApplicationSceneManifest_Generation = YES;
				INFOPLIST_KEY_UIApplicationSupportsIndirectInputEvents = YES;
				INFOPLIST_KEY_UILaunchScreen_Generation = YES;
				INFOPLIST_KEY_UISupportedInterfaceOrientations = UIInterfaceOrientationPortrait;
				INFOPLIST_KEY_UISupportedInterfaceOrientations_iPad = "UIInterfaceOrientationLandscapeLeft UIInterfaceOrientationLandscapeRight UIInterfaceOrientationPortrait UIInterfaceOrientationPortraitUpsideDown";
				IPHONEOS_DEPLOYMENT_TARGET = 15.0;
				LD_RUNPATH_SEARCH_PATHS = (
					"$(inherited)",
					"@executable_path/Frameworks",
				);
				MARKETING_VERSION = 1.0;
				PRODUCT_BUNDLE_IDENTIFIER = com.illiahorevoi.GithubTest;
				PRODUCT_NAME = "$(TARGET_NAME)";
				SUPPORTED_PLATFORMS = "iphoneos iphonesimulator";
				SUPPORTS_MACCATALYST = NO;
				SUPPORTS_MAC_DESIGNED_FOR_IPHONE_IPAD = NO;
				SWIFT_EMIT_LOC_STRINGS = YES;
				SWIFT_VERSION = 5.0;
				TARGETED_DEVICE_FAMILY = 1;
			};
			name = Release;
		};
		3647386629DF2D82008F07CD /* Debug */ = {
			isa = XCBuildConfiguration;
			buildSettings = {
				ALWAYS_EMBED_SWIFT_STANDARD_LIBRARIES = YES;
				BUNDLE_LOADER = "$(TEST_HOST)";
				CODE_SIGN_STYLE = Automatic;
				CURRENT_PROJECT_VERSION = 1;
				GENERATE_INFOPLIST_FILE = YES;
				IPHONEOS_DEPLOYMENT_TARGET = 15.0;
				MARKETING_VERSION = 1.0;
				PRODUCT_BUNDLE_IDENTIFIER = com.illiahorevoi.GithubTestTests;
				PRODUCT_NAME = "$(TARGET_NAME)";
				SUPPORTED_PLATFORMS = "iphoneos iphonesimulator";
				SUPPORTS_MACCATALYST = NO;
				SUPPORTS_MAC_DESIGNED_FOR_IPHONE_IPAD = NO;
				SWIFT_EMIT_LOC_STRINGS = NO;
				SWIFT_VERSION = 5.0;
				TARGETED_DEVICE_FAMILY = 1;
				TEST_HOST = "$(BUILT_PRODUCTS_DIR)/GithubTest.app/$(BUNDLE_EXECUTABLE_FOLDER_PATH)/GithubTest";
			};
			name = Debug;
		};
		3647386729DF2D82008F07CD /* Release */ = {
			isa = XCBuildConfiguration;
			buildSettings = {
				ALWAYS_EMBED_SWIFT_STANDARD_LIBRARIES = YES;
				BUNDLE_LOADER = "$(TEST_HOST)";
				CODE_SIGN_STYLE = Automatic;
				CURRENT_PROJECT_VERSION = 1;
				GENERATE_INFOPLIST_FILE = YES;
				IPHONEOS_DEPLOYMENT_TARGET = 15.0;
				MARKETING_VERSION = 1.0;
				PRODUCT_BUNDLE_IDENTIFIER = com.illiahorevoi.GithubTestTests;
				PRODUCT_NAME = "$(TARGET_NAME)";
				SUPPORTED_PLATFORMS = "iphoneos iphonesimulator";
				SUPPORTS_MACCATALYST = NO;
				SUPPORTS_MAC_DESIGNED_FOR_IPHONE_IPAD = NO;
				SWIFT_EMIT_LOC_STRINGS = NO;
				SWIFT_VERSION = 5.0;
				TARGETED_DEVICE_FAMILY = 1;
				TEST_HOST = "$(BUILT_PRODUCTS_DIR)/GithubTest.app/$(BUNDLE_EXECUTABLE_FOLDER_PATH)/GithubTest";
			};
			name = Release;
		};
/* End XCBuildConfiguration section */

/* Begin XCConfigurationList section */
		3647383929DF2D80008F07CD /* Build configuration list for PBXProject "GithubTest" */ = {
			isa = XCConfigurationList;
			buildConfigurations = (
				3647386029DF2D82008F07CD /* Debug */,
				3647386129DF2D82008F07CD /* Release */,
			);
			defaultConfigurationIsVisible = 0;
			defaultConfigurationName = Release;
		};
		3647386229DF2D82008F07CD /* Build configuration list for PBXNativeTarget "GithubTest" */ = {
			isa = XCConfigurationList;
			buildConfigurations = (
				3647386329DF2D82008F07CD /* Debug */,
				3647386429DF2D82008F07CD /* Release */,
			);
			defaultConfigurationIsVisible = 0;
			defaultConfigurationName = Release;
		};
		3647386529DF2D82008F07CD /* Build configuration list for PBXNativeTarget "GithubTestTests" */ = {
			isa = XCConfigurationList;
			buildConfigurations = (
				3647386629DF2D82008F07CD /* Debug */,
				3647386729DF2D82008F07CD /* Release */,
			);
			defaultConfigurationIsVisible = 0;
			defaultConfigurationName = Release;
		};
/* End XCConfigurationList section */
	};
	rootObject = 3647383629DF2D80008F07CD /* Project object */;
}
